{
  "version": 4,
  "terraform_version": "1.5.0",
  "serial": 606,
  "lineage": "7933c18e-7b21-f704-0830-514ddf906e50",
  "outputs": {},
  "resources": [
    {
      "mode": "data",
      "type": "azuread_user",
      "name": "user",
      "provider": "provider[\"registry.terraform.io/hashicorp/azuread\"]",
      "instances": [
        {
          "schema_version": 0,
          "attributes": {
            "account_enabled": true,
            "age_group": "",
            "business_phones": [],
            "city": "",
            "company_name": "",
            "consent_provided_for_minor": "",
            "cost_center": null,
            "country": "",
            "creation_type": "",
            "department": "",
            "display_name": "Dona Babychen Daisy",
            "division": null,
            "employee_id": "",
            "employee_type": "",
            "external_user_state": "",
            "fax_number": "",
            "given_name": "Dona",
            "id": "47291261-0462-4bcb-b8b8-e419373e4bf0",
            "im_addresses": [],
            "job_title": "",
            "mail": "",
            "mail_nickname": "db9crt_bolton.ac.uk#EXT#",
            "manager_id": "",
            "mobile_phone": "",
            "object_id": "47291261-0462-4bcb-b8b8-e419373e4bf0",
            "office_location": "",
            "onpremises_distinguished_name": "",
            "onpremises_domain_name": "",
            "onpremises_immutable_id": "",
            "onpremises_sam_account_name": "",
            "onpremises_security_identifier": "",
            "onpremises_sync_enabled": false,
            "onpremises_user_principal_name": "",
            "other_mails": [
              "db9crt@bolton.ac.uk"
            ],
            "postal_code": "",
            "preferred_language": "",
            "proxy_addresses": [],
            "show_in_address_list": false,
            "state": "",
            "street_address": "",
            "surname": "Babychen Daisy",
            "timeouts": null,
            "usage_location": "",
            "user_principal_name": "db9crt_bolton.ac.uk#EXT#@db9crt.onmicrosoft.com",
            "user_type": "Member"
          },
          "sensitive_attributes": []
        }
      ]
    },
    {
      "mode": "data",
      "type": "azurerm_client_config",
      "name": "current",
      "provider": "provider[\"registry.terraform.io/hashicorp/azurerm\"]",
      "instances": [
        {
          "schema_version": 0,
          "attributes": {
            "client_id": "80673a22-4b8c-44e8-b1a1-72f9e3c2a37e",
            "id": "Y2xpZW50Q29uZmlncy9jbGllbnRJZD04MDY3M2EyMi00YjhjLTQ0ZTgtYjFhMS03MmY5ZTNjMmEzN2U7b2JqZWN0SWQ9NDUxMTgzNDUtZjhkMy00M2E1LWEyYjktNTQ2NmNkMzUyYzIyO3N1YnNjcmlwdGlvbklkPTI3Nzk3ZmNhLTYzYjAtNDZmZC04N2M3LTA3NTdjODFlMDQxYTt0ZW5hbnRJZD0yYzVlZmFjNS1jNGJkLTQyOTItYTQ5NC1mZjE3NTgwNTRiMmM=",
            "object_id": "45118345-f8d3-43a5-a2b9-5466cd352c22",
            "subscription_id": "27797fca-63b0-46fd-87c7-0757c81e041a",
            "tenant_id": "2c5efac5-c4bd-4292-a494-ff1758054b2c",
            "timeouts": null
          },
          "sensitive_attributes": []
        }
      ]
    },
    {
      "mode": "data",
      "type": "azurerm_cosmosdb_account",
      "name": "projectcosmosdbacct",
      "provider": "provider[\"registry.terraform.io/hashicorp/azurerm\"]",
      "instances": [
        {
          "schema_version": 0,
          "attributes": {
            "capabilities": [
              {
                "name": "MongoDBv3.4"
              },
              {
                "name": "mongoEnableDocLevelTTL"
              },
              {
                "name": "EnableMongo"
              },
              {
                "name": "EnableAggregationPipeline"
              }
            ],
            "consistency_policy": [
              {
                "consistency_level": "Strong",
                "max_interval_in_seconds": 5,
                "max_staleness_prefix": 100
              }
            ],
            "enable_automatic_failover": false,
            "enable_free_tier": false,
            "enable_multiple_write_locations": false,
            "endpoint": "https://projectcosmosdbacct.documents.azure.com:443/",
            "geo_location": [
              {
                "failover_priority": 0,
                "id": "projectcosmosdbacct-uksouth",
                "location": "uksouth"
              }
            ],
            "id": "/subscriptions/27797fca-63b0-46fd-87c7-0757c81e041a/resourceGroups/project_rg/providers/Microsoft.DocumentDB/databaseAccounts/projectcosmosdbacct",
            "ip_range_filter": "",
            "is_virtual_network_filter_enabled": false,
            "key_vault_key_id": null,
            "kind": "MongoDB",
            "location": "uksouth",
            "name": "projectcosmosdbacct",
            "offer_type": "Standard",
            "primary_key": "qxlRfUz7pQauLxHr7QVFEeyPrZr7sqmdgqVDzKRhti48VwIl3aeeviHhp5zyyUOTGJV3A7K5chCvACDbnasp6A==",
            "primary_readonly_key": "jGfE1N9E2riu0yHLJbrbur2vhtdyd4VjgqnmY8KA2GVfy7AWEiOJsW21lPE0YJrHT4MZXbRjnsrYACDbXDqg3Q==",
            "read_endpoints": [
              "https://projectcosmosdbacct-uksouth.documents.azure.com:443/"
            ],
            "resource_group_name": "project_rg",
            "secondary_key": "APc0FhTiAUIXX2nWirDe4z62ZeAS6vjMsTRD9yUk4TWKVXiozAM6KOBj3kutepogX0NVu9es6HVgACDbOTkFBQ==",
            "secondary_readonly_key": "mMC4KUsslpoYk7zLDaMb4uLZlnbB7O9PRDOEaKp5zWBmPJM0A4gCDaTcx6J0oDeQZ2AxsHImQNxHACDbaPg17w==",
            "tags": {},
            "timeouts": null,
            "virtual_network_rule": [],
            "write_endpoints": [
              "https://projectcosmosdbacct-uksouth.documents.azure.com:443/"
            ]
          },
          "sensitive_attributes": []
        }
      ]
    },
    {
      "mode": "managed",
      "type": "azurerm_app_service_source_control",
      "name": "sourcecontrol",
      "provider": "provider[\"registry.terraform.io/hashicorp/azurerm\"]",
      "instances": [
        {
          "schema_version": 0,
          "attributes": {
            "app_id": "/subscriptions/27797fca-63b0-46fd-87c7-0757c81e041a/resourceGroups/project_rg/providers/Microsoft.Web/sites/MyNodeJsAppproject",
            "branch": "main",
            "github_action_configuration": [
              {
                "code_configuration": [
                  {
                    "runtime_stack": "node",
                    "runtime_version": "16.0.0"
                  }
                ],
                "container_configuration": [],
                "generate_workflow_file": true,
                "linux_action": false
              }
            ],
            "id": "/subscriptions/27797fca-63b0-46fd-87c7-0757c81e041a/resourceGroups/project_rg/providers/Microsoft.Web/sites/MyNodeJsAppproject",
            "repo_url": "https://github.com/db9crt/node-mongodb-app",
            "rollback_enabled": false,
            "scm_type": "GitHubAction",
            "timeouts": null,
            "use_local_git": false,
            "use_manual_integration": false,
            "use_mercurial": false,
            "uses_github_action": true
          },
          "sensitive_attributes": [],
          "private": "eyJlMmJmYjczMC1lY2FhLTExZTYtOGY4OC0zNDM2M2JjN2M0YzAiOnsiY3JlYXRlIjoxODAwMDAwMDAwMDAwLCJkZWxldGUiOjE4MDAwMDAwMDAwMDAsInJlYWQiOjMwMDAwMDAwMDAwMH19",
          "dependencies": [
            "azurerm_cosmosdb_account.projectcosmosdbacct",
            "azurerm_cosmosdb_mongo_database.project_cosmosdb",
            "azurerm_key_vault.keyvaultprojdbstring",
            "azurerm_key_vault_secret.projectsecretnewer",
            "azurerm_resource_group.project_rg",
            "azurerm_service_plan.project_appplan",
            "azurerm_source_control_token.dobble_token",
            "azurerm_windows_web_app.MyNodeJsApp",
            "data.azurerm_client_config.current",
            "data.azurerm_cosmosdb_account.projectcosmosdbacct"
          ]
        }
      ]
    },
    {
      "mode": "managed",
      "type": "azurerm_cosmosdb_account",
      "name": "projectcosmosdbacct",
      "provider": "provider[\"registry.terraform.io/hashicorp/azurerm\"]",
      "instances": [
        {
          "schema_version": 0,
          "attributes": {
            "access_key_metadata_writes_enabled": true,
            "analytical_storage": [
              {
                "schema_type": "FullFidelity"
              }
            ],
            "analytical_storage_enabled": false,
            "backup": [
              {
                "interval_in_minutes": 240,
                "retention_in_hours": 8,
                "storage_redundancy": "Geo",
                "type": "Periodic"
              }
            ],
            "capabilities": [
              {
                "name": "EnableAggregationPipeline"
              },
              {
                "name": "EnableMongo"
              },
              {
                "name": "MongoDBv3.4"
              },
              {
                "name": "mongoEnableDocLevelTTL"
              }
            ],
            "capacity": [],
            "connection_strings": [
              "mongodb://projectcosmosdbacct:qxlRfUz7pQauLxHr7QVFEeyPrZr7sqmdgqVDzKRhti48VwIl3aeeviHhp5zyyUOTGJV3A7K5chCvACDbnasp6A==@projectcosmosdbacct.mongo.cosmos.azure.com:10255/?ssl=true\u0026replicaSet=globaldb\u0026retrywrites=false\u0026maxIdleTimeMS=120000\u0026appName=@projectcosmosdbacct@",
              "mongodb://projectcosmosdbacct:APc0FhTiAUIXX2nWirDe4z62ZeAS6vjMsTRD9yUk4TWKVXiozAM6KOBj3kutepogX0NVu9es6HVgACDbOTkFBQ==@projectcosmosdbacct.mongo.cosmos.azure.com:10255/?ssl=true\u0026replicaSet=globaldb\u0026retrywrites=false\u0026maxIdleTimeMS=120000\u0026appName=@projectcosmosdbacct@",
              "mongodb://projectcosmosdbacct:jGfE1N9E2riu0yHLJbrbur2vhtdyd4VjgqnmY8KA2GVfy7AWEiOJsW21lPE0YJrHT4MZXbRjnsrYACDbXDqg3Q==@projectcosmosdbacct.mongo.cosmos.azure.com:10255/?ssl=true\u0026replicaSet=globaldb\u0026retrywrites=false\u0026maxIdleTimeMS=120000\u0026appName=@projectcosmosdbacct@",
              "mongodb://projectcosmosdbacct:mMC4KUsslpoYk7zLDaMb4uLZlnbB7O9PRDOEaKp5zWBmPJM0A4gCDaTcx6J0oDeQZ2AxsHImQNxHACDbaPg17w==@projectcosmosdbacct.mongo.cosmos.azure.com:10255/?ssl=true\u0026replicaSet=globaldb\u0026retrywrites=false\u0026maxIdleTimeMS=120000\u0026appName=@projectcosmosdbacct@"
            ],
            "consistency_policy": [
              {
                "consistency_level": "Strong",
                "max_interval_in_seconds": 5,
                "max_staleness_prefix": 100
              }
            ],
            "cors_rule": [],
            "create_mode": "",
            "default_identity_type": "FirstPartyIdentity",
            "enable_automatic_failover": false,
            "enable_free_tier": false,
            "enable_multiple_write_locations": false,
            "endpoint": "https://projectcosmosdbacct.documents.azure.com:443/",
            "geo_location": [
              {
                "failover_priority": 0,
                "id": "projectcosmosdbacct-uksouth",
                "location": "uksouth",
                "zone_redundant": false
              }
            ],
            "id": "/subscriptions/27797fca-63b0-46fd-87c7-0757c81e041a/resourceGroups/project_rg/providers/Microsoft.DocumentDB/databaseAccounts/projectcosmosdbacct",
            "identity": [],
            "ip_range_filter": "",
            "is_virtual_network_filter_enabled": false,
            "key_vault_key_id": null,
            "kind": "MongoDB",
            "local_authentication_disabled": false,
            "location": "uksouth",
            "mongo_server_version": "3.6",
            "name": "projectcosmosdbacct",
            "network_acl_bypass_for_azure_services": false,
            "network_acl_bypass_ids": null,
            "offer_type": "Standard",
            "primary_key": "qxlRfUz7pQauLxHr7QVFEeyPrZr7sqmdgqVDzKRhti48VwIl3aeeviHhp5zyyUOTGJV3A7K5chCvACDbnasp6A==",
            "primary_readonly_key": "jGfE1N9E2riu0yHLJbrbur2vhtdyd4VjgqnmY8KA2GVfy7AWEiOJsW21lPE0YJrHT4MZXbRjnsrYACDbXDqg3Q==",
            "primary_readonly_sql_connection_string": null,
            "primary_sql_connection_string": null,
            "public_network_access_enabled": true,
            "read_endpoints": [
              "https://projectcosmosdbacct-uksouth.documents.azure.com:443/"
            ],
            "resource_group_name": "project_rg",
            "restore": [],
            "secondary_key": "APc0FhTiAUIXX2nWirDe4z62ZeAS6vjMsTRD9yUk4TWKVXiozAM6KOBj3kutepogX0NVu9es6HVgACDbOTkFBQ==",
            "secondary_readonly_key": "mMC4KUsslpoYk7zLDaMb4uLZlnbB7O9PRDOEaKp5zWBmPJM0A4gCDaTcx6J0oDeQZ2AxsHImQNxHACDbaPg17w==",
            "secondary_readonly_sql_connection_string": null,
            "secondary_sql_connection_string": null,
            "tags": null,
            "timeouts": null,
            "virtual_network_rule": [],
            "write_endpoints": [
              "https://projectcosmosdbacct-uksouth.documents.azure.com:443/"
            ]
          },
          "sensitive_attributes": [],
          "private": "eyJlMmJmYjczMC1lY2FhLTExZTYtOGY4OC0zNDM2M2JjN2M0YzAiOnsiY3JlYXRlIjoxMDgwMDAwMDAwMDAwMCwiZGVsZXRlIjoxMDgwMDAwMDAwMDAwMCwicmVhZCI6MzAwMDAwMDAwMDAwLCJ1cGRhdGUiOjEwODAwMDAwMDAwMDAwfX0=",
          "dependencies": [
            "azurerm_resource_group.project_rg"
          ]
        }
      ]
    },
    {
      "mode": "managed",
      "type": "azurerm_cosmosdb_mongo_collection",
      "name": "projectmongoCollection",
      "provider": "provider[\"registry.terraform.io/hashicorp/azurerm\"]",
      "instances": [
        {
          "schema_version": 1,
          "attributes": {
            "account_name": "projectcosmosdbacct",
            "analytical_storage_ttl": 0,
            "autoscale_settings": [],
            "database_name": "project_cosmosdb",
            "default_ttl_seconds": 777,
            "id": "/subscriptions/27797fca-63b0-46fd-87c7-0757c81e041a/resourceGroups/project_rg/providers/Microsoft.DocumentDB/databaseAccounts/projectcosmosdbacct/mongodbDatabases/project_cosmosdb/collections/projectmongoCollection",
            "index": [
              {
                "keys": [
                  "_id"
                ],
                "unique": true
              }
            ],
            "name": "projectmongoCollection",
            "resource_group_name": "project_rg",
            "shard_key": "uniqueKey",
            "system_indexes": [
              {
                "keys": [
                  "_id"
                ],
                "unique": true
              }
            ],
            "throughput": 400,
            "timeouts": null
          },
          "sensitive_attributes": [],
          "private": "eyJlMmJmYjczMC1lY2FhLTExZTYtOGY4OC0zNDM2M2JjN2M0YzAiOnsiY3JlYXRlIjoxODAwMDAwMDAwMDAwLCJkZWxldGUiOjE4MDAwMDAwMDAwMDAsInJlYWQiOjMwMDAwMDAwMDAwMCwidXBkYXRlIjoxODAwMDAwMDAwMDAwfSwic2NoZW1hX3ZlcnNpb24iOiIxIn0=",
          "dependencies": [
            "azurerm_cosmosdb_account.projectcosmosdbacct",
            "azurerm_cosmosdb_mongo_database.project_cosmosdb",
            "azurerm_resource_group.project_rg",
            "data.azurerm_cosmosdb_account.projectcosmosdbacct"
          ]
        }
      ]
    },
    {
      "mode": "managed",
      "type": "azurerm_cosmosdb_mongo_database",
      "name": "project_cosmosdb",
      "provider": "provider[\"registry.terraform.io/hashicorp/azurerm\"]",
      "instances": [
        {
          "schema_version": 1,
          "attributes": {
            "account_name": "projectcosmosdbacct",
            "autoscale_settings": [],
            "id": "/subscriptions/27797fca-63b0-46fd-87c7-0757c81e041a/resourceGroups/project_rg/providers/Microsoft.DocumentDB/databaseAccounts/projectcosmosdbacct/mongodbDatabases/project_cosmosdb",
            "name": "project_cosmosdb",
            "resource_group_name": "project_rg",
            "throughput": 400,
            "timeouts": null
          },
          "sensitive_attributes": [],
          "private": "eyJlMmJmYjczMC1lY2FhLTExZTYtOGY4OC0zNDM2M2JjN2M0YzAiOnsiY3JlYXRlIjoxODAwMDAwMDAwMDAwLCJkZWxldGUiOjE4MDAwMDAwMDAwMDAsInJlYWQiOjMwMDAwMDAwMDAwMCwidXBkYXRlIjoxODAwMDAwMDAwMDAwfSwic2NoZW1hX3ZlcnNpb24iOiIxIn0=",
          "dependencies": [
            "azurerm_cosmosdb_account.projectcosmosdbacct",
            "azurerm_resource_group.project_rg",
            "data.azurerm_cosmosdb_account.projectcosmosdbacct"
          ]
        }
      ]
    },
    {
      "mode": "managed",
      "type": "azurerm_key_vault",
      "name": "keyvaultprojdbstring",
      "provider": "provider[\"registry.terraform.io/hashicorp/azurerm\"]",
      "instances": [
        {
          "schema_version": 2,
          "attributes": {
            "access_policy": [
              {
                "application_id": "",
                "certificate_permissions": null,
                "key_permissions": [
                  "Create",
                  "Get"
                ],
                "object_id": "45118345-f8d3-43a5-a2b9-5466cd352c22",
                "secret_permissions": [
                  "Set",
                  "Get",
                  "Delete",
                  "Purge",
                  "Recover",
                  "List"
                ],
                "storage_permissions": [
                  "Get",
                  "Set"
                ],
                "tenant_id": "2c5efac5-c4bd-4292-a494-ff1758054b2c"
              }
            ],
            "contact": [],
            "enable_rbac_authorization": false,
            "enabled_for_deployment": false,
            "enabled_for_disk_encryption": true,
            "enabled_for_template_deployment": false,
            "id": "/subscriptions/27797fca-63b0-46fd-87c7-0757c81e041a/resourceGroups/project_rg/providers/Microsoft.KeyVault/vaults/keyvaultprojdbstring",
            "location": "uksouth",
            "name": "keyvaultprojdbstring",
            "network_acls": [
              {
                "bypass": "AzureServices",
                "default_action": "Allow",
                "ip_rules": [],
                "virtual_network_subnet_ids": []
              }
            ],
            "public_network_access_enabled": true,
            "purge_protection_enabled": false,
            "resource_group_name": "project_rg",
            "sku_name": "standard",
            "soft_delete_retention_days": 7,
            "tags": null,
            "tenant_id": "2c5efac5-c4bd-4292-a494-ff1758054b2c",
            "timeouts": null,
            "vault_uri": "https://keyvaultprojdbstring.vault.azure.net/"
          },
          "sensitive_attributes": [],
          "private": "eyJlMmJmYjczMC1lY2FhLTExZTYtOGY4OC0zNDM2M2JjN2M0YzAiOnsiY3JlYXRlIjoxODAwMDAwMDAwMDAwLCJkZWxldGUiOjE4MDAwMDAwMDAwMDAsInJlYWQiOjMwMDAwMDAwMDAwMCwidXBkYXRlIjoxODAwMDAwMDAwMDAwfSwic2NoZW1hX3ZlcnNpb24iOiIyIn0=",
          "dependencies": [
            "azurerm_resource_group.project_rg",
            "data.azurerm_client_config.current"
          ]
        }
      ]
    },
    {
      "mode": "managed",
      "type": "azurerm_key_vault_access_policy",
      "name": "project-principalkey",
      "provider": "provider[\"registry.terraform.io/hashicorp/azurerm\"]",
      "instances": [
        {
          "schema_version": 0,
          "attributes": {
            "application_id": null,
            "certificate_permissions": null,
            "id": "/subscriptions/27797fca-63b0-46fd-87c7-0757c81e041a/resourceGroups/project_rg/providers/Microsoft.KeyVault/vaults/keyvaultprojdbstring/objectId/48e04fd8-e0b4-4d04-ab8c-9067278aa7b6",
            "key_permissions": null,
            "key_vault_id": "/subscriptions/27797fca-63b0-46fd-87c7-0757c81e041a/resourceGroups/project_rg/providers/Microsoft.KeyVault/vaults/keyvaultprojdbstring",
            "object_id": "48e04fd8-e0b4-4d04-ab8c-9067278aa7b6",
            "secret_permissions": [
              "Get",
              "List",
              "Set"
            ],
            "storage_permissions": null,
            "tenant_id": "2c5efac5-c4bd-4292-a494-ff1758054b2c",
            "timeouts": null
          },
          "sensitive_attributes": [],
          "private": "eyJlMmJmYjczMC1lY2FhLTExZTYtOGY4OC0zNDM2M2JjN2M0YzAiOnsiY3JlYXRlIjoxODAwMDAwMDAwMDAwLCJkZWxldGUiOjE4MDAwMDAwMDAwMDAsInJlYWQiOjMwMDAwMDAwMDAwMCwidXBkYXRlIjoxODAwMDAwMDAwMDAwfX0=",
          "dependencies": [
            "azurerm_cosmosdb_account.projectcosmosdbacct",
            "azurerm_cosmosdb_mongo_database.project_cosmosdb",
            "azurerm_key_vault.keyvaultprojdbstring",
            "azurerm_key_vault_secret.projectsecretnewer",
            "azurerm_resource_group.project_rg",
            "azurerm_service_plan.project_appplan",
            "azurerm_windows_web_app.MyNodeJsApp",
            "data.azurerm_client_config.current",
            "data.azurerm_cosmosdb_account.projectcosmosdbacct"
          ]
        }
      ]
    },
    {
      "mode": "managed",
      "type": "azurerm_key_vault_access_policy",
      "name": "user-principalkey",
      "provider": "provider[\"registry.terraform.io/hashicorp/azurerm\"]",
      "instances": [
        {
          "schema_version": 0,
          "attributes": {
            "application_id": null,
            "certificate_permissions": null,
            "id": "/subscriptions/27797fca-63b0-46fd-87c7-0757c81e041a/resourceGroups/project_rg/providers/Microsoft.KeyVault/vaults/keyvaultprojdbstring/objectId/47291261-0462-4bcb-b8b8-e419373e4bf0",
            "key_permissions": null,
            "key_vault_id": "/subscriptions/27797fca-63b0-46fd-87c7-0757c81e041a/resourceGroups/project_rg/providers/Microsoft.KeyVault/vaults/keyvaultprojdbstring",
            "object_id": "47291261-0462-4bcb-b8b8-e419373e4bf0",
            "secret_permissions": [
              "Get",
              "List",
              "Set"
            ],
            "storage_permissions": null,
            "tenant_id": "2c5efac5-c4bd-4292-a494-ff1758054b2c",
            "timeouts": null
          },
          "sensitive_attributes": [],
          "private": "eyJlMmJmYjczMC1lY2FhLTExZTYtOGY4OC0zNDM2M2JjN2M0YzAiOnsiY3JlYXRlIjoxODAwMDAwMDAwMDAwLCJkZWxldGUiOjE4MDAwMDAwMDAwMDAsInJlYWQiOjMwMDAwMDAwMDAwMCwidXBkYXRlIjoxODAwMDAwMDAwMDAwfX0=",
          "dependencies": [
            "azurerm_key_vault.keyvaultprojdbstring",
            "azurerm_resource_group.project_rg",
            "data.azuread_user.user",
            "data.azurerm_client_config.current"
          ]
        }
      ]
    },
    {
      "mode": "managed",
      "type": "azurerm_key_vault_secret",
      "name": "projectsecretnewer",
      "provider": "provider[\"registry.terraform.io/hashicorp/azurerm\"]",
      "instances": [
        {
          "schema_version": 0,
          "attributes": {
            "content_type": "",
            "expiration_date": null,
            "id": "https://keyvaultprojdbstring.vault.azure.net/secrets/projectsecretnewer/0aee0df87eae42eda2ecd547d95db136",
            "key_vault_id": "/subscriptions/27797fca-63b0-46fd-87c7-0757c81e041a/resourceGroups/project_rg/providers/Microsoft.KeyVault/vaults/keyvaultprojdbstring",
            "name": "projectsecretnewer",
            "not_before_date": null,
            "resource_id": "/subscriptions/27797fca-63b0-46fd-87c7-0757c81e041a/resourceGroups/project_rg/providers/Microsoft.KeyVault/vaults/keyvaultprojdbstring/secrets/projectsecretnewer/versions/0aee0df87eae42eda2ecd547d95db136",
            "resource_versionless_id": "/subscriptions/27797fca-63b0-46fd-87c7-0757c81e041a/resourceGroups/project_rg/providers/Microsoft.KeyVault/vaults/keyvaultprojdbstring/secrets/projectsecretnewer",
            "tags": null,
            "timeouts": null,
            "value": "mongodb://projectcosmosdbacct:qxlRfUz7pQauLxHr7QVFEeyPrZr7sqmdgqVDzKRhti48VwIl3aeeviHhp5zyyUOTGJV3A7K5chCvACDbnasp6A==@projectcosmosdbacct.mongo.cosmos.azure.com:10255/?ssl=true\u0026replicaSet=globaldb\u0026retrywrites=false\u0026maxIdleTimeMS=120000\u0026appName=@projectcosmosdbacct@",
            "version": "0aee0df87eae42eda2ecd547d95db136",
            "versionless_id": "https://keyvaultprojdbstring.vault.azure.net/secrets/projectsecretnewer"
          },
          "sensitive_attributes": [
            [
              {
                "type": "get_attr",
                "value": "value"
              }
            ]
          ],
          "private": "eyJlMmJmYjczMC1lY2FhLTExZTYtOGY4OC0zNDM2M2JjN2M0YzAiOnsiY3JlYXRlIjoxODAwMDAwMDAwMDAwLCJkZWxldGUiOjE4MDAwMDAwMDAwMDAsInJlYWQiOjE4MDAwMDAwMDAwMDAsInVwZGF0ZSI6MTgwMDAwMDAwMDAwMH19",
          "dependencies": [
            "azurerm_cosmosdb_account.projectcosmosdbacct",
            "azurerm_key_vault.keyvaultprojdbstring",
            "azurerm_resource_group.project_rg",
            "data.azurerm_client_config.current"
          ]
        }
      ]
    },
    {
      "mode": "managed",
      "type": "azurerm_resource_group",
      "name": "project_rg",
      "provider": "provider[\"registry.terraform.io/hashicorp/azurerm\"]",
      "instances": [
        {
          "schema_version": 0,
          "attributes": {
            "id": "/subscriptions/27797fca-63b0-46fd-87c7-0757c81e041a/resourceGroups/project_rg",
            "location": "uksouth",
            "managed_by": "",
            "name": "project_rg",
            "tags": null,
            "timeouts": null
          },
          "sensitive_attributes": [],
          "private": "eyJlMmJmYjczMC1lY2FhLTExZTYtOGY4OC0zNDM2M2JjN2M0YzAiOnsiY3JlYXRlIjo1NDAwMDAwMDAwMDAwLCJkZWxldGUiOjU0MDAwMDAwMDAwMDAsInJlYWQiOjMwMDAwMDAwMDAwMCwidXBkYXRlIjo1NDAwMDAwMDAwMDAwfX0="
        }
      ]
    },
    {
      "mode": "managed",
      "type": "azurerm_service_plan",
      "name": "project_appplan",
      "provider": "provider[\"registry.terraform.io/hashicorp/azurerm\"]",
      "instances": [
        {
          "schema_version": 0,
          "attributes": {
            "app_service_environment_id": "",
            "id": "/subscriptions/27797fca-63b0-46fd-87c7-0757c81e041a/resourceGroups/project_rg/providers/Microsoft.Web/serverfarms/project-appserviceplan",
            "kind": "app",
            "location": "uksouth",
            "maximum_elastic_worker_count": 1,
            "name": "project-appserviceplan",
            "os_type": "Windows",
            "per_site_scaling_enabled": false,
            "reserved": false,
            "resource_group_name": "project_rg",
            "sku_name": "S1",
            "tags": null,
            "timeouts": null,
            "worker_count": 1,
            "zone_balancing_enabled": false
          },
          "sensitive_attributes": [],
          "private": "eyJlMmJmYjczMC1lY2FhLTExZTYtOGY4OC0zNDM2M2JjN2M0YzAiOnsiY3JlYXRlIjozNjAwMDAwMDAwMDAwLCJkZWxldGUiOjM2MDAwMDAwMDAwMDAsInJlYWQiOjMwMDAwMDAwMDAwMCwidXBkYXRlIjozNjAwMDAwMDAwMDAwfX0=",
          "dependencies": [
            "azurerm_resource_group.project_rg"
          ]
        }
      ]
    },
    {
      "mode": "managed",
      "type": "azurerm_source_control_token",
      "name": "dobble_token",
      "provider": "provider[\"registry.terraform.io/hashicorp/azurerm\"]",
      "instances": [
        {
          "schema_version": 0,
          "attributes": {
            "id": "/providers/Microsoft.Web/sourceControls/GitHub",
            "timeouts": null,
            "token": "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",
            "token_secret": "",
            "type": "GitHub"
          },
          "sensitive_attributes": [],
          "private": "eyJlMmJmYjczMC1lY2FhLTExZTYtOGY4OC0zNDM2M2JjN2M0YzAiOnsiY3JlYXRlIjozMDAwMDAwMDAwMDAsImRlbGV0ZSI6MzAwMDAwMDAwMDAwLCJyZWFkIjozMDAwMDAwMDAwMDAsInVwZGF0ZSI6MzAwMDAwMDAwMDAwfX0="
        }
      ]
    },
    {
      "mode": "managed",
      "type": "azurerm_windows_web_app",
      "name": "MyNodeJsApp",
      "provider": "provider[\"registry.terraform.io/hashicorp/azurerm\"]",
      "instances": [
        {
          "schema_version": 0,
          "attributes": {
            "app_settings": {
              "DATABASE_NAME": "project_cosmosdb",
              "DATABASE_URL": "@Microsoft.KeyVault(SecretUri=https://keyvaultprojdbstring.vault.azure.net/secrets/projectsecretnewer/0aee0df87eae42eda2ecd547d95db136)",
              "SCM_DO_BUILD_DURING_DEPLOYMENT": "true"
            },
            "auth_settings": [],
            "auth_settings_v2": [],
            "backup": [],
            "client_affinity_enabled": false,
            "client_certificate_enabled": false,
            "client_certificate_exclusion_paths": "",
            "client_certificate_mode": "Required",
            "connection_string": [],
            "custom_domain_verification_id": "CB7128556088ECC1D8993911814E18A8A909A81F8D7B26B4F32348A371318E71",
            "default_hostname": "mynodejsappproject.azurewebsites.net",
            "enabled": true,
            "hosting_environment_id": "",
            "https_only": false,
            "id": "/subscriptions/27797fca-63b0-46fd-87c7-0757c81e041a/resourceGroups/project_rg/providers/Microsoft.Web/sites/MyNodeJsAppproject",
            "identity": [
              {
                "identity_ids": null,
                "principal_id": "48e04fd8-e0b4-4d04-ab8c-9067278aa7b6",
                "tenant_id": "2c5efac5-c4bd-4292-a494-ff1758054b2c",
                "type": "SystemAssigned"
              }
            ],
            "key_vault_reference_identity_id": "SystemAssigned",
            "kind": "app",
            "location": "uksouth",
            "logs": [],
            "name": "MyNodeJsAppproject",
            "outbound_ip_address_list": [
              "20.90.67.150",
              "20.90.67.187",
              "20.90.68.5",
              "20.90.68.16",
              "20.90.68.27",
              "20.90.68.44",
              "51.104.28.82"
            ],
            "outbound_ip_addresses": "20.90.67.150,20.90.67.187,20.90.68.5,20.90.68.16,20.90.68.27,20.90.68.44,51.104.28.82",
            "possible_outbound_ip_address_list": [
              "20.90.67.150",
              "20.90.67.187",
              "20.90.68.5",
              "20.90.68.16",
              "20.90.68.27",
              "20.90.68.44",
              "20.90.68.47",
              "20.90.68.89",
              "20.90.68.124",
              "20.90.68.170",
              "20.90.68.191",
              "20.90.68.236",
              "20.90.69.2",
              "20.90.69.11",
              "20.90.69.17",
              "20.90.64.230",
              "20.90.69.26",
              "20.90.69.73",
              "20.90.69.92",
              "20.90.66.230",
              "20.90.68.189",
              "20.90.69.124",
              "20.90.69.126",
              "20.90.69.129",
              "20.90.69.133",
              "20.90.69.6",
              "20.90.69.163",
              "20.90.69.192",
              "20.90.69.207",
              "20.90.69.239",
              "51.104.28.82"
            ],
            "possible_outbound_ip_addresses": "20.90.67.150,20.90.67.187,20.90.68.5,20.90.68.16,20.90.68.27,20.90.68.44,20.90.68.47,20.90.68.89,20.90.68.124,20.90.68.170,20.90.68.191,20.90.68.236,20.90.69.2,20.90.69.11,20.90.69.17,20.90.64.230,20.90.69.26,20.90.69.73,20.90.69.92,20.90.66.230,20.90.68.189,20.90.69.124,20.90.69.126,20.90.69.129,20.90.69.133,20.90.69.6,20.90.69.163,20.90.69.192,20.90.69.207,20.90.69.239,51.104.28.82",
            "public_network_access_enabled": true,
            "resource_group_name": "project_rg",
            "service_plan_id": "/subscriptions/27797fca-63b0-46fd-87c7-0757c81e041a/resourceGroups/project_rg/providers/Microsoft.Web/serverfarms/project-appserviceplan",
            "site_config": [
              {
                "always_on": true,
                "api_definition_url": "",
                "api_management_api_id": "",
                "app_command_line": "",
                "application_stack": [
                  {
                    "current_stack": "node",
                    "docker_container_name": "",
                    "docker_container_registry": "",
                    "docker_container_tag": "",
                    "docker_image_name": "",
                    "docker_registry_password": "",
                    "docker_registry_url": "",
                    "docker_registry_username": "",
                    "dotnet_core_version": "",
                    "dotnet_version": "",
                    "java_container": "",
                    "java_container_version": "",
                    "java_embedded_server_enabled": false,
                    "java_version": "",
                    "node_version": "~16",
                    "php_version": "5.6",
                    "python": false,
                    "python_version": "",
                    "tomcat_version": ""
                  }
                ],
                "auto_heal_enabled": false,
                "auto_heal_setting": [],
                "container_registry_managed_identity_client_id": "",
                "container_registry_use_managed_identity": false,
                "cors": [],
                "default_documents": [
                  "Default.htm",
                  "Default.html",
                  "Default.asp",
                  "index.htm",
                  "index.html",
                  "iisstart.htm",
                  "default.aspx",
                  "index.php",
                  "hostingstart.html"
                ],
                "detailed_error_logging_enabled": false,
                "ftps_state": "Disabled",
                "health_check_eviction_time_in_min": 0,
                "health_check_path": "",
                "http2_enabled": false,
                "ip_restriction": [],
                "linux_fx_version": "",
                "load_balancing_mode": "LeastRequests",
                "local_mysql_enabled": false,
                "managed_pipeline_mode": "Integrated",
                "minimum_tls_version": "1.2",
                "remote_debugging_enabled": false,
                "remote_debugging_version": "VS2019",
                "scm_ip_restriction": [],
                "scm_minimum_tls_version": "1.2",
                "scm_type": "None",
                "scm_use_main_ip_restriction": false,
                "use_32_bit_worker": true,
                "virtual_application": [],
                "vnet_route_all_enabled": false,
                "websockets_enabled": false,
                "windows_fx_version": "",
                "worker_count": 1
              }
            ],
            "site_credential": [
              {
                "name": "$MyNodeJsAppproject",
                "password": "8NgEchNYJ8jwgHsYv8ekpHzeLbQT0cfNRN9Atqqhtr78eljoqiAbNkRqnihi"
              }
            ],
            "sticky_settings": [],
            "storage_account": [],
            "tags": null,
            "timeouts": null,
            "virtual_network_subnet_id": "",
            "zip_deploy_file": ""
          },
          "sensitive_attributes": [],
          "private": "eyJlMmJmYjczMC1lY2FhLTExZTYtOGY4OC0zNDM2M2JjN2M0YzAiOnsiY3JlYXRlIjoxODAwMDAwMDAwMDAwLCJkZWxldGUiOjE4MDAwMDAwMDAwMDAsInJlYWQiOjMwMDAwMDAwMDAwMCwidXBkYXRlIjoxODAwMDAwMDAwMDAwfX0=",
          "dependencies": [
            "azurerm_cosmosdb_account.projectcosmosdbacct",
            "azurerm_cosmosdb_mongo_database.project_cosmosdb",
            "azurerm_key_vault.keyvaultprojdbstring",
            "azurerm_key_vault_secret.projectsecretnewer",
            "azurerm_resource_group.project_rg",
            "azurerm_service_plan.project_appplan",
            "data.azurerm_client_config.current",
            "data.azurerm_cosmosdb_account.projectcosmosdbacct"
          ]
        }
      ]
    }
  ],
  "check_results": null
}
